// !$*UTF8*$!
{
	archiveVersion = 1;
	classes = {
	};
	objectVersion = 46;
	objects = {

/* Begin PBXBuildFile section */
		2511CC261B6B4CCC00BA28DC /* MainViewController.m in Sources */ = {isa = PBXBuildFile; fileRef = 2511CC251B6B4CCC00BA28DC /* MainViewController.m */; };
		2539AAF51B60EB2800C92B8C /* ColorPicker.m in Sources */ = {isa = PBXBuildFile; fileRef = 2539AAF41B60EB2800C92B8C /* ColorPicker.m */; };
		25691D5D1B60965200D28FDD /* main.m in Sources */ = {isa = PBXBuildFile; fileRef = 25691D5C1B60965200D28FDD /* main.m */; };
		25691D601B60965200D28FDD /* AppDelegate.m in Sources */ = {isa = PBXBuildFile; fileRef = 25691D5F1B60965200D28FDD /* AppDelegate.m */; };
		25691D631B60965200D28FDD /* DanceStep.xcdatamodeld in Sources */ = {isa = PBXBuildFile; fileRef = 25691D611B60965200D28FDD /* DanceStep.xcdatamodeld */; };
		25691D661B60965200D28FDD /* GridViewController.m in Sources */ = {isa = PBXBuildFile; fileRef = 25691D651B60965200D28FDD /* GridViewController.m */; };
		25691D691B60965200D28FDD /* Main.storyboard in Resources */ = {isa = PBXBuildFile; fileRef = 25691D671B60965200D28FDD /* Main.storyboard */; };
		25691D6B1B60965200D28FDD /* Images.xcassets in Resources */ = {isa = PBXBuildFile; fileRef = 25691D6A1B60965200D28FDD /* Images.xcassets */; };
		25691D6E1B60965200D28FDD /* LaunchScreen.xib in Resources */ = {isa = PBXBuildFile; fileRef = 25691D6C1B60965200D28FDD /* LaunchScreen.xib */; };
		25691D7A1B60965200D28FDD /* DanceStepTests.m in Sources */ = {isa = PBXBuildFile; fileRef = 25691D791B60965200D28FDD /* DanceStepTests.m */; };
		256E7AA21B68D25D000C1208 /* DancerView.m in Sources */ = {isa = PBXBuildFile; fileRef = 256E7AA11B68D25D000C1208 /* DancerView.m */; };
		2585A3521B6A145A001AAAFC /* brush.png in Resources */ = {isa = PBXBuildFile; fileRef = 2585A3511B6A145A001AAAFC /* brush.png */; };
		259601CE1B6F7B5400C715CB /* ButtonWithThinBorder.m in Sources */ = {isa = PBXBuildFile; fileRef = 259601CD1B6F7B5400C715CB /* ButtonWithThinBorder.m */; };
		25DF1C6F1B70AE2400CDBE70 /* GridScrollView.m in Sources */ = {isa = PBXBuildFile; fileRef = 25DF1C6E1B70AE2400CDBE70 /* GridScrollView.m */; };
		25DF1C721B70AE7900CDBE70 /* DanceStepEditorViewController.m in Sources */ = {isa = PBXBuildFile; fileRef = 25DF1C711B70AE7900CDBE70 /* DanceStepEditorViewController.m */; };
		25DF1C7B1B70B0E300CDBE70 /* GridContainerView.m in Sources */ = {isa = PBXBuildFile; fileRef = 25DF1C7A1B70B0E300CDBE70 /* GridContainerView.m */; };
		25ECB09A1B67321800B649A0 /* Grid.m in Sources */ = {isa = PBXBuildFile; fileRef = 25ECB0991B67321800B649A0 /* Grid.m */; };
/* End PBXBuildFile section */

/* Begin PBXContainerItemProxy section */
		25691D741B60965200D28FDD /* PBXContainerItemProxy */ = {
			isa = PBXContainerItemProxy;
			containerPortal = 25691D4F1B60965200D28FDD /* Project object */;
			proxyType = 1;
			remoteGlobalIDString = 25691D561B60965200D28FDD;
			remoteInfo = DanceStep;
		};
/* End PBXContainerItemProxy section */

/* Begin PBXFileReference section */
		2511CC241B6B4CCC00BA28DC /* MainViewController.h */ = {isa = PBXFileReference; fileEncoding = 4; lastKnownFileType = sourcecode.c.h; path = MainViewController.h; sourceTree = "<group>"; };
		2511CC251B6B4CCC00BA28DC /* MainViewController.m */ = {isa = PBXFileReference; fileEncoding = 4; lastKnownFileType = sourcecode.c.objc; path = MainViewController.m; sourceTree = "<group>"; };
		2539AAF31B60EB2800C92B8C /* ColorPicker.h */ = {isa = PBXFileReference; fileEncoding = 4; lastKnownFileType = sourcecode.c.h; path = ColorPicker.h; sourceTree = "<group>"; };
		2539AAF41B60EB2800C92B8C /* ColorPicker.m */ = {isa = PBXFileReference; fileEncoding = 4; lastKnownFileType = sourcecode.c.objc; path = ColorPicker.m; sourceTree = "<group>"; };
		25691D571B60965200D28FDD /* DanceStep.app */ = {isa = PBXFileReference; explicitFileType = wrapper.application; includeInIndex = 0; path = DanceStep.app; sourceTree = BUILT_PRODUCTS_DIR; };
		25691D5B1B60965200D28FDD /* Info.plist */ = {isa = PBXFileReference; lastKnownFileType = text.plist.xml; path = Info.plist; sourceTree = "<group>"; };
		25691D5C1B60965200D28FDD /* main.m */ = {isa = PBXFileReference; lastKnownFileType = sourcecode.c.objc; path = main.m; sourceTree = "<group>"; };
		25691D5E1B60965200D28FDD /* AppDelegate.h */ = {isa = PBXFileReference; lastKnownFileType = sourcecode.c.h; path = AppDelegate.h; sourceTree = "<group>"; };
		25691D5F1B60965200D28FDD /* AppDelegate.m */ = {isa = PBXFileReference; lastKnownFileType = sourcecode.c.objc; path = AppDelegate.m; sourceTree = "<group>"; };
		25691D621B60965200D28FDD /* DanceStep.xcdatamodel */ = {isa = PBXFileReference; lastKnownFileType = wrapper.xcdatamodel; path = DanceStep.xcdatamodel; sourceTree = "<group>"; };
		25691D641B60965200D28FDD /* GridViewController.h */ = {isa = PBXFileReference; lastKnownFileType = sourcecode.c.h; path = GridViewController.h; sourceTree = "<group>"; };
		25691D651B60965200D28FDD /* GridViewController.m */ = {isa = PBXFileReference; lastKnownFileType = sourcecode.c.objc; path = GridViewController.m; sourceTree = "<group>"; };
		25691D681B60965200D28FDD /* Base */ = {isa = PBXFileReference; lastKnownFileType = file.storyboard; name = Base; path = Base.lproj/Main.storyboard; sourceTree = "<group>"; };
		25691D6A1B60965200D28FDD /* Images.xcassets */ = {isa = PBXFileReference; lastKnownFileType = folder.assetcatalog; path = Images.xcassets; sourceTree = "<group>"; };
		25691D6D1B60965200D28FDD /* Base */ = {isa = PBXFileReference; lastKnownFileType = file.xib; name = Base; path = Base.lproj/LaunchScreen.xib; sourceTree = "<group>"; };
		25691D731B60965200D28FDD /* DanceStepTests.xctest */ = {isa = PBXFileReference; explicitFileType = wrapper.cfbundle; includeInIndex = 0; path = DanceStepTests.xctest; sourceTree = BUILT_PRODUCTS_DIR; };
		25691D781B60965200D28FDD /* Info.plist */ = {isa = PBXFileReference; lastKnownFileType = text.plist.xml; path = Info.plist; sourceTree = "<group>"; };
		25691D791B60965200D28FDD /* DanceStepTests.m */ = {isa = PBXFileReference; lastKnownFileType = sourcecode.c.objc; path = DanceStepTests.m; sourceTree = "<group>"; };
		256E7AA01B68D25D000C1208 /* DancerView.h */ = {isa = PBXFileReference; fileEncoding = 4; lastKnownFileType = sourcecode.c.h; path = DancerView.h; sourceTree = "<group>"; };
		256E7AA11B68D25D000C1208 /* DancerView.m */ = {isa = PBXFileReference; fileEncoding = 4; lastKnownFileType = sourcecode.c.objc; path = DancerView.m; sourceTree = "<group>"; };
		2585A34E1B6A12EF001AAAFC /* PrefixHeader.pch */ = {isa = PBXFileReference; lastKnownFileType = sourcecode.c.h; path = PrefixHeader.pch; sourceTree = "<group>"; };
		2585A34F1B6A1341001AAAFC /* Constant.h */ = {isa = PBXFileReference; lastKnownFileType = sourcecode.c.h; path = Constant.h; sourceTree = "<group>"; };
		2585A3511B6A145A001AAAFC /* brush.png */ = {isa = PBXFileReference; lastKnownFileType = image.png; path = brush.png; sourceTree = "<group>"; };
		259601CC1B6F7B5400C715CB /* ButtonWithThinBorder.h */ = {isa = PBXFileReference; fileEncoding = 4; lastKnownFileType = sourcecode.c.h; path = ButtonWithThinBorder.h; sourceTree = "<group>"; };
		259601CD1B6F7B5400C715CB /* ButtonWithThinBorder.m */ = {isa = PBXFileReference; fileEncoding = 4; lastKnownFileType = sourcecode.c.objc; path = ButtonWithThinBorder.m; sourceTree = "<group>"; };
		25DF1C6D1B70AE2400CDBE70 /* GridScrollView.h */ = {isa = PBXFileReference; fileEncoding = 4; lastKnownFileType = sourcecode.c.h; path = GridScrollView.h; sourceTree = "<group>"; };
		25DF1C6E1B70AE2400CDBE70 /* GridScrollView.m */ = {isa = PBXFileReference; fileEncoding = 4; lastKnownFileType = sourcecode.c.objc; path = GridScrollView.m; sourceTree = "<group>"; };
		25DF1C701B70AE7900CDBE70 /* DanceStepEditorViewController.h */ = {isa = PBXFileReference; fileEncoding = 4; lastKnownFileType = sourcecode.c.h; path = DanceStepEditorViewController.h; sourceTree = "<group>"; };
		25DF1C711B70AE7900CDBE70 /* DanceStepEditorViewController.m */ = {isa = PBXFileReference; fileEncoding = 4; lastKnownFileType = sourcecode.c.objc; path = DanceStepEditorViewController.m; sourceTree = "<group>"; };
		25DF1C791B70B0E300CDBE70 /* GridContainerView.h */ = {isa = PBXFileReference; fileEncoding = 4; lastKnownFileType = sourcecode.c.h; path = GridContainerView.h; sourceTree = "<group>"; };
		25DF1C7A1B70B0E300CDBE70 /* GridContainerView.m */ = {isa = PBXFileReference; fileEncoding = 4; lastKnownFileType = sourcecode.c.objc; path = GridContainerView.m; sourceTree = "<group>"; };
		25ECB0981B67321800B649A0 /* Grid.h */ = {isa = PBXFileReference; fileEncoding = 4; lastKnownFileType = sourcecode.c.h; path = Grid.h; sourceTree = "<group>"; };
		25ECB0991B67321800B649A0 /* Grid.m */ = {isa = PBXFileReference; fileEncoding = 4; lastKnownFileType = sourcecode.c.objc; path = Grid.m; sourceTree = "<group>"; };
/* End PBXFileReference section */

/* Begin PBXFrameworksBuildPhase section */
		25691D541B60965200D28FDD /* Frameworks */ = {
			isa = PBXFrameworksBuildPhase;
			buildActionMask = 2147483647;
			files = (
			);
			runOnlyForDeploymentPostprocessing = 0;
		};
		25691D701B60965200D28FDD /* Frameworks */ = {
			isa = PBXFrameworksBuildPhase;
			buildActionMask = 2147483647;
			files = (
			);
			runOnlyForDeploymentPostprocessing = 0;
		};
/* End PBXFrameworksBuildPhase section */

/* Begin PBXGroup section */
		25691D4E1B60965200D28FDD = {
			isa = PBXGroup;
			children = (
				25691D591B60965200D28FDD /* DanceStep */,
				25691D761B60965200D28FDD /* DanceStepTests */,
				25691D581B60965200D28FDD /* Products */,
			);
			sourceTree = "<group>";
		};
		25691D581B60965200D28FDD /* Products */ = {
			isa = PBXGroup;
			children = (
				25691D571B60965200D28FDD /* DanceStep.app */,
				25691D731B60965200D28FDD /* DanceStepTests.xctest */,
			);
			name = Products;
			sourceTree = "<group>";
		};
		25691D591B60965200D28FDD /* DanceStep */ = {
			isa = PBXGroup;
			children = (
				25691D5E1B60965200D28FDD /* AppDelegate.h */,
				25691D5F1B60965200D28FDD /* AppDelegate.m */,
				25DF1C701B70AE7900CDBE70 /* DanceStepEditorViewController.h */,
				25DF1C711B70AE7900CDBE70 /* DanceStepEditorViewController.m */,
				25DF1C6D1B70AE2400CDBE70 /* GridScrollView.h */,
				25DF1C6E1B70AE2400CDBE70 /* GridScrollView.m */,
				25DF1C791B70B0E300CDBE70 /* GridContainerView.h */,
				25DF1C7A1B70B0E300CDBE70 /* GridContainerView.m */,
				256E7AA01B68D25D000C1208 /* DancerView.h */,
				256E7AA11B68D25D000C1208 /* DancerView.m */,
				2511CC241B6B4CCC00BA28DC /* MainViewController.h */,
				2511CC251B6B4CCC00BA28DC /* MainViewController.m */,
				25691D641B60965200D28FDD /* GridViewController.h */,
				25691D651B60965200D28FDD /* GridViewController.m */,
				25ECB0981B67321800B649A0 /* Grid.h */,
				25ECB0991B67321800B649A0 /* Grid.m */,
				2539AAF31B60EB2800C92B8C /* ColorPicker.h */,
				2539AAF41B60EB2800C92B8C /* ColorPicker.m */,
				25691D671B60965200D28FDD /* Main.storyboard */,
				259601CC1B6F7B5400C715CB /* ButtonWithThinBorder.h */,
				259601CD1B6F7B5400C715CB /* ButtonWithThinBorder.m */,
				2585A3511B6A145A001AAAFC /* brush.png */,
				2585A3501B6A134D001AAAFC /* Globals */,
				25691D6A1B60965200D28FDD /* Images.xcassets */,
				25691D6C1B60965200D28FDD /* LaunchScreen.xib */,
				25691D611B60965200D28FDD /* DanceStep.xcdatamodeld */,
				25691D5A1B60965200D28FDD /* Supporting Files */,
			);
			path = DanceStep;
			sourceTree = "<group>";
		};
		25691D5A1B60965200D28FDD /* Supporting Files */ = {
			isa = PBXGroup;
			children = (
				25691D5B1B60965200D28FDD /* Info.plist */,
				25691D5C1B60965200D28FDD /* main.m */,
			);
			name = "Supporting Files";
			sourceTree = "<group>";
		};
		25691D761B60965200D28FDD /* DanceStepTests */ = {
			isa = PBXGroup;
			children = (
				25691D791B60965200D28FDD /* DanceStepTests.m */,
				25691D771B60965200D28FDD /* Supporting Files */,
			);
			path = DanceStepTests;
			sourceTree = "<group>";
		};
		25691D771B60965200D28FDD /* Supporting Files */ = {
			isa = PBXGroup;
			children = (
				25691D781B60965200D28FDD /* Info.plist */,
			);
			name = "Supporting Files";
			sourceTree = "<group>";
		};
		2585A3501B6A134D001AAAFC /* Globals */ = {
			isa = PBXGroup;
			children = (
				2585A34E1B6A12EF001AAAFC /* PrefixHeader.pch */,
				2585A34F1B6A1341001AAAFC /* Constant.h */,
			);
			name = Globals;
			sourceTree = "<group>";
		};
/* End PBXGroup section */

/* Begin PBXNativeTarget section */
		25691D561B60965200D28FDD /* DanceStep */ = {
			isa = PBXNativeTarget;
			buildConfigurationList = 25691D7D1B60965200D28FDD /* Build configuration list for PBXNativeTarget "DanceStep" */;
			buildPhases = (
				25691D531B60965200D28FDD /* Sources */,
				25691D541B60965200D28FDD /* Frameworks */,
				25691D551B60965200D28FDD /* Resources */,
			);
			buildRules = (
			);
			dependencies = (
			);
			name = DanceStep;
			productName = DanceStep;
			productReference = 25691D571B60965200D28FDD /* DanceStep.app */;
			productType = "com.apple.product-type.application";
		};
		25691D721B60965200D28FDD /* DanceStepTests */ = {
			isa = PBXNativeTarget;
			buildConfigurationList = 25691D801B60965200D28FDD /* Build configuration list for PBXNativeTarget "DanceStepTests" */;
			buildPhases = (
				25691D6F1B60965200D28FDD /* Sources */,
				25691D701B60965200D28FDD /* Frameworks */,
				25691D711B60965200D28FDD /* Resources */,
			);
			buildRules = (
			);
			dependencies = (
				25691D751B60965200D28FDD /* PBXTargetDependency */,
			);
			name = DanceStepTests;
			productName = DanceStepTests;
			productReference = 25691D731B60965200D28FDD /* DanceStepTests.xctest */;
			productType = "com.apple.product-type.bundle.unit-test";
		};
/* End PBXNativeTarget section */

/* Begin PBXProject section */
		25691D4F1B60965200D28FDD /* Project object */ = {
			isa = PBXProject;
			attributes = {
				LastUpgradeCheck = 0640;
				ORGANIZATIONNAME = "EK Solutions Pvt Ltd";
				TargetAttributes = {
					25691D561B60965200D28FDD = {
						CreatedOnToolsVersion = 6.4;
					};
					25691D721B60965200D28FDD = {
						CreatedOnToolsVersion = 6.4;
						TestTargetID = 25691D561B60965200D28FDD;
					};
				};
			};
			buildConfigurationList = 25691D521B60965200D28FDD /* Build configuration list for PBXProject "DanceStep" */;
			compatibilityVersion = "Xcode 3.2";
			developmentRegion = English;
			hasScannedForEncodings = 0;
			knownRegions = (
				en,
				Base,
			);
			mainGroup = 25691D4E1B60965200D28FDD;
			productRefGroup = 25691D581B60965200D28FDD /* Products */;
			projectDirPath = "";
			projectRoot = "";
			targets = (
				25691D561B60965200D28FDD /* DanceStep */,
				25691D721B60965200D28FDD /* DanceStepTests */,
			);
		};
/* End PBXProject section */

/* Begin PBXResourcesBuildPhase section */
		25691D551B60965200D28FDD /* Resources */ = {
			isa = PBXResourcesBuildPhase;
			buildActionMask = 2147483647;
			files = (
				2585A3521B6A145A001AAAFC /* brush.png in Resources */,
				25691D691B60965200D28FDD /* Main.storyboard in Resources */,
				25691D6E1B60965200D28FDD /* LaunchScreen.xib in Resources */,
				25691D6B1B60965200D28FDD /* Images.xcassets in Resources */,
			);
			runOnlyForDeploymentPostprocessing = 0;
		};
		25691D711B60965200D28FDD /* Resources */ = {
			isa = PBXResourcesBuildPhase;
			buildActionMask = 2147483647;
			files = (
			);
			runOnlyForDeploymentPostprocessing = 0;
		};
/* End PBXResourcesBuildPhase section */

/* Begin PBXSourcesBuildPhase section */
		25691D531B60965200D28FDD /* Sources */ = {
			isa = PBXSourcesBuildPhase;
			buildActionMask = 2147483647;
			files = (
				25DF1C721B70AE7900CDBE70 /* DanceStepEditorViewController.m in Sources */,
				2539AAF51B60EB2800C92B8C /* ColorPicker.m in Sources */,
				25ECB09A1B67321800B649A0 /* Grid.m in Sources */,
				256E7AA21B68D25D000C1208 /* DancerView.m in Sources */,
				25DF1C6F1B70AE2400CDBE70 /* GridScrollView.m in Sources */,
				2511CC261B6B4CCC00BA28DC /* MainViewController.m in Sources */,
				25691D601B60965200D28FDD /* AppDelegate.m in Sources */,
				25691D631B60965200D28FDD /* DanceStep.xcdatamodeld in Sources */,
				259601CE1B6F7B5400C715CB /* ButtonWithThinBorder.m in Sources */,
				25691D661B60965200D28FDD /* GridViewController.m in Sources */,
				25DF1C7B1B70B0E300CDBE70 /* GridContainerView.m in Sources */,
				25691D5D1B60965200D28FDD /* main.m in Sources */,
			);
			runOnlyForDeploymentPostprocessing = 0;
		};
		25691D6F1B60965200D28FDD /* Sources */ = {
			isa = PBXSourcesBuildPhase;
			buildActionMask = 2147483647;
			files = (
				25691D7A1B60965200D28FDD /* DanceStepTests.m in Sources */,
			);
			runOnlyForDeploymentPostprocessing = 0;
		};
/* End PBXSourcesBuildPhase section */

/* Begin PBXTargetDependency section */
		25691D751B60965200D28FDD /* PBXTargetDependency */ = {
			isa = PBXTargetDependency;
			target = 25691D561B60965200D28FDD /* DanceStep */;
			targetProxy = 25691D741B60965200D28FDD /* PBXContainerItemProxy */;
		};
/* End PBXTargetDependency section */

/* Begin PBXVariantGroup section */
		25691D671B60965200D28FDD /* Main.storyboard */ = {
			isa = PBXVariantGroup;
			children = (
				25691D681B60965200D28FDD /* Base */,
			);
			name = Main.storyboard;
			sourceTree = "<group>";
		};
		25691D6C1B60965200D28FDD /* LaunchScreen.xib */ = {
			isa = PBXVariantGroup;
			children = (
				25691D6D1B60965200D28FDD /* Base */,
			);
			name = LaunchScreen.xib;
			sourceTree = "<group>";
		};
/* End PBXVariantGroup section */

/* Begin XCBuildConfiguration section */
		25691D7B1B60965200D28FDD /* Debug */ = {
			isa = XCBuildConfiguration;
			buildSettings = {
				ALWAYS_SEARCH_USER_PATHS = NO;
				CLANG_CXX_LANGUAGE_STANDARD = "gnu++0x";
				CLANG_CXX_LIBRARY = "libc++";
				CLANG_ENABLE_MODULES = YES;
				CLANG_ENABLE_OBJC_ARC = YES;
				CLANG_WARN_BOOL_CONVERSION = YES;
				CLANG_WARN_CONSTANT_CONVERSION = YES;
				CLANG_WARN_DIRECT_OBJC_ISA_USAGE = YES_ERROR;
				CLANG_WARN_EMPTY_BODY = YES;
				CLANG_WARN_ENUM_CONVERSION = YES;
				CLANG_WARN_INT_CONVERSION = YES;
				CLANG_WARN_OBJC_ROOT_CLASS = YES_ERROR;
				CLANG_WARN_UNREACHABLE_CODE = YES;
				CLANG_WARN__DUPLICATE_METHOD_MATCH = YES;
				"CODE_SIGN_IDENTITY[sdk=iphoneos*]" = "iPhone Developer";
				COPY_PHASE_STRIP = NO;
				DEBUG_INFORMATION_FORMAT = "dwarf-with-dsym";
				ENABLE_STRICT_OBJC_MSGSEND = YES;
				GCC_C_LANGUAGE_STANDARD = gnu99;
				GCC_DYNAMIC_NO_PIC = NO;
				GCC_NO_COMMON_BLOCKS = YES;
				GCC_OPTIMIZATION_LEVEL = 0;
				GCC_PREPROCESSOR_DEFINITIONS = (
					"DEBUG=1",
					"$(inherited)",
				);
				GCC_SYMBOLS_PRIVATE_EXTERN = NO;
				GCC_WARN_64_TO_32_BIT_CONVERSION = YES;
				GCC_WARN_ABOUT_RETURN_TYPE = YES_ERROR;
				GCC_WARN_UNDECLARED_SELECTOR = YES;
				GCC_WARN_UNINITIALIZED_AUTOS = YES_AGGRESSIVE;
				GCC_WARN_UNUSED_FUNCTION = YES;
				GCC_WARN_UNUSED_VARIABLE = YES;
				IPHONEOS_DEPLOYMENT_TARGET = 8.4;
				MTL_ENABLE_DEBUG_INFO = YES;
				ONLY_ACTIVE_ARCH = YES;
				SDKROOT = iphoneos;
				TARGETED_DEVICE_FAMILY = "1,2";
			};
			name = Debug;
		};
		25691D7C1B60965200D28FDD /* Release */ = {
			isa = XCBuildConfiguration;
			buildSettings = {
				ALWAYS_SEARCH_USER_PATHS = NO;
				CLANG_CXX_LANGUAGE_STANDARD = "gnu++0x";
				CLANG_CXX_LIBRARY = "libc++";
				CLANG_ENABLE_MODULES = YES;
				CLANG_ENABLE_OBJC_ARC = YES;
				CLANG_WARN_BOOL_CONVERSION = YES;
				CLANG_WARN_CONSTANT_CONVERSION = YES;
				CLANG_WARN_DIRECT_OBJC_ISA_USAGE = YES_ERROR;
				CLANG_WARN_EMPTY_BODY = YES;
				CLANG_WARN_ENUM_CONVERSION = YES;
				CLANG_WARN_INT_CONVERSION = YES;
				CLANG_WARN_OBJC_ROOT_CLASS = YES_ERROR;
				CLANG_WARN_UNREACHABLE_CODE = YES;
				CLANG_WARN__DUPLICATE_METHOD_MATCH = YES;
				"CODE_SIGN_IDENTITY[sdk=iphoneos*]" = "iPhone Developer";
				COPY_PHASE_STRIP = NO;
				DEBUG_INFORMATION_FORMAT = "dwarf-with-dsym";
				ENABLE_NS_ASSERTIONS = NO;
				ENABLE_STRICT_OBJC_MSGSEND = YES;
				GCC_C_LANGUAGE_STANDARD = gnu99;
				GCC_NO_COMMON_BLOCKS = YES;
				GCC_WARN_64_TO_32_BIT_CONVERSION = YES;
				GCC_WARN_ABOUT_RETURN_TYPE = YES_ERROR;
				GCC_WARN_UNDECLARED_SELECTOR = YES;
				GCC_WARN_UNINITIALIZED_AUTOS = YES_AGGRESSIVE;
				GCC_WARN_UNUSED_FUNCTION = YES;
				GCC_WARN_UNUSED_VARIABLE = YES;
				IPHONEOS_DEPLOYMENT_TARGET = 8.4;
				MTL_ENABLE_DEBUG_INFO = NO;
				SDKROOT = iphoneos;
				TARGETED_DEVICE_FAMILY = "1,2";
				VALIDATE_PRODUCT = YES;
			};
			name = Release;
		};
		25691D7E1B60965200D28FDD /* Debug */ = {
			isa = XCBuildConfiguration;
			buildSettings = {
				ASSETCATALOG_COMPILER_APPICON_NAME = AppIcon;
				GCC_PREFIX_HEADER = DanceStep/PrefixHeader.pch;
				INFOPLIST_FILE = DanceStep/Info.plist;
				IPHONEOS_DEPLOYMENT_TARGET = 8.1;
				LD_RUNPATH_SEARCH_PATHS = "$(inherited) @executable_path/Frameworks";
				PRODUCT_NAME = "$(TARGET_NAME)";
			};
			name = Debug;
		};
		25691D7F1B60965200D28FDD /* Release */ = {
			isa = XCBuildConfiguration;
			buildSettings = {
				ASSETCATALOG_COMPILER_APPICON_NAME = AppIcon;
				GCC_PREFIX_HEADER = DanceStep/PrefixHeader.pch;
				INFOPLIST_FILE = DanceStep/Info.plist;
				IPHONEOS_DEPLOYMENT_TARGET = 8.1;
				LD_RUNPATH_SEARCH_PATHS = "$(inherited) @executable_path/Frameworks";
				PRODUCT_NAME = "$(TARGET_NAME)";
			};
			name = Release;
		};
		25691D811B60965200D28FDD /* Debug */ = {
			isa = XCBuildConfiguration;
			buildSettings = {
				BUNDLE_LOADER = "$(TEST_HOST)";
				FRAMEWORK_SEARCH_PATHS = (
					"$(SDKROOT)/Developer/Library/Frameworks",
					"$(inherited)",
				);
				GCC_PREPROCESSOR_DEFINITIONS = (
					"DEBUG=1",
					"$(inherited)",
				);
				INFOPLIST_FILE = DanceStepTests/Info.plist;
				LD_RUNPATH_SEARCH_PATHS = "$(inherited) @executable_path/Frameworks @loader_path/Frameworks";
				PRODUCT_NAME = "$(TARGET_NAME)";
				TEST_HOST = "$(BUILT_PRODUCTS_DIR)/DanceStep.app/DanceStep";
			};
			name = Debug;
		};
		25691D821B60965200D28FDD /* Release */ = {
			isa = XCBuildConfiguration;
			buildSettings = {
				BUNDLE_LOADER = "$(TEST_HOST)";
				FRAMEWORK_SEARCH_PATHS = (
					"$(SDKROOT)/Developer/Library/Frameworks",
					"$(inherited)",
				);
				INFOPLIST_FILE = DanceStepTests/Info.plist;
				LD_RUNPATH_SEARCH_PATHS = "$(inherited) @executable_path/Frameworks @loader_path/Frameworks";
				PRODUCT_NAME = "$(TARGET_NAME)";
				TEST_HOST = "$(BUILT_PRODUCTS_DIR)/DanceStep.app/DanceStep";
			};
			name = Release;
		};
/* End XCBuildConfiguration section */

/* Begin XCConfigurationList section */
		25691D521B60965200D28FDD /* Build configuration list for PBXProject "DanceStep" */ = {
			isa = XCConfigurationList;
			buildConfigurations = (
				25691D7B1B60965200D28FDD /* Debug */,
				25691D7C1B60965200D28FDD /* Release */,
			);
			defaultConfigurationIsVisible = 0;
			defaultConfigurationName = Release;
		};
		25691D7D1B60965200D28FDD /* Build configuration list for PBXNativeTarget "DanceStep" */ = {
			isa = XCConfigurationList;
			buildConfigurations = (
				25691D7E1B60965200D28FDD /* Debug */,
				25691D7F1B60965200D28FDD /* Release */,
			);
			defaultConfigurationIsVisible = 0;
			defaultConfigurationName = Release;
		};
		25691D801B60965200D28FDD /* Build configuration list for PBXNativeTarget "DanceStepTests" */ = {
			isa = XCConfigurationList;
			buildConfigurations = (
				25691D811B60965200D28FDD /* Debug */,
				25691D821B60965200D28FDD /* Release */,
			);
			defaultConfigurationIsVisible = 0;
			defaultConfigurationName = Release;
		};
/* End XCConfigurationList section */

/* Begin XCVersionGroup section */
		25691D611B60965200D28FDD /* DanceStep.xcdatamodeld */ = {
			isa = XCVersionGroup;
			children = (
				25691D621B60965200D28FDD /* DanceStep.xcdatamodel */,
			);
			currentVersion = 25691D621B60965200D28FDD /* DanceStep.xcdatamodel */;
			path = DanceStep.xcdatamodeld;
			sourceTree = "<group>";
			versionGroupType = wrapper.xcdatamodel;
		};
/* End XCVersionGroup section */
	};
	rootObject = 25691D4F1B60965200D28FDD /* Project object */;
}
